
Microsoft Visual Studio Solution File, Format Version 12.00
# Visual Studio Version 17
VisualStudioVersion = 17.14.36401.2
MinimumVisualStudioVersion = 10.0.40219.1
Project("{9A19103F-16F7-4668-BE54-9A1E7A4F7556}") = "Pitch", "Pitch\Pitch.csproj", "{0323480F-068F-4FA3-A5E1-B23509829002}"
EndProject
Global
	GlobalSection(SolutionConfigurationPlatforms) = preSolution
		Debug|Any CPU = Debug|Any CPU
		Release|Any CPU = Release|Any CPU
	EndGlobalSection
	GlobalSection(ProjectConfigurationPlatforms) = postSolution
		{0323480F-068F-4FA3-A5E1-B23509829002}.Debug|Any CPU.ActiveCfg = Debug|Any CPU
		{0323480F-068F-4FA3-A5E1-B23509829002}.Debug|Any CPU.Build.0 = Debug|Any CPU
		{0323480F-068F-4FA3-A5E1-B23509829002}.Release|Any CPU.ActiveCfg = Release|Any CPU
		{0323480F-068F-4FA3-A5E1-B23509829002}.Release|Any CPU.Build.0 = Release|Any CPU
	EndGlobalSection
	GlobalSection(SolutionProperties) = preSolution
		HideSolutionNode = FALSE
	EndGlobalSection
	GlobalSection(ExtensibilityGlobals) = postSolution
		SolutionGuid = {D1561120-3989-4349-A206-F9FAF5E1582C}
	EndGlobalSection
EndGlobal
